// !$*UTF8*$!
{
	archiveVersion = 1;
	classes = {
	};
	objectVersion = 50;
	objects = {

/* Begin PBXBuildFile section */
		858DAFA4253469EC00950FA9 /* SILoggerSDK.framework in Frameworks */ = {isa = PBXBuildFile; fileRef = 858DAFA3253469EC00950FA9 /* SILoggerSDK.framework */; };
		858DAFA5253469EC00950FA9 /* SILoggerSDK.framework in Embed Frameworks */ = {isa = PBXBuildFile; fileRef = 858DAFA3253469EC00950FA9 /* SILoggerSDK.framework */; settings = {ATTRIBUTES = (CodeSignOnCopy, RemoveHeadersOnCopy, ); }; };
		85C0F4E42490D7A500A4C27B /* AppDelegate.swift in Sources */ = {isa = PBXBuildFile; fileRef = 85C0F4E32490D7A500A4C27B /* AppDelegate.swift */; };
		85C0F4E62490D7A500A4C27B /* SceneDelegate.swift in Sources */ = {isa = PBXBuildFile; fileRef = 85C0F4E52490D7A500A4C27B /* SceneDelegate.swift */; };
		85C0F4E82490D7A500A4C27B /* ViewController.swift in Sources */ = {isa = PBXBuildFile; fileRef = 85C0F4E72490D7A500A4C27B /* ViewController.swift */; };
		85C0F4EB2490D7A500A4C27B /* Main.storyboard in Resources */ = {isa = PBXBuildFile; fileRef = 85C0F4E92490D7A500A4C27B /* Main.storyboard */; };
		85C0F4ED2490D7AA00A4C27B /* Assets.xcassets in Resources */ = {isa = PBXBuildFile; fileRef = 85C0F4EC2490D7AA00A4C27B /* Assets.xcassets */; };
		85C0F4F02490D7AA00A4C27B /* LaunchScreen.storyboard in Resources */ = {isa = PBXBuildFile; fileRef = 85C0F4EE2490D7AA00A4C27B /* LaunchScreen.storyboard */; };
		85C0F4FB2490D7AA00A4C27B /* FacialImageTests.swift in Sources */ = {isa = PBXBuildFile; fileRef = 85C0F4FA2490D7AA00A4C27B /* FacialImageTests.swift */; };
		85C0F5072490D7DB00A4C27B /* SIFaceCaptureSDK.framework in Frameworks */ = {isa = PBXBuildFile; fileRef = 85C0F5062490D7DB00A4C27B /* SIFaceCaptureSDK.framework */; };
		85C0F5082490D7DB00A4C27B /* SIFaceCaptureSDK.framework in Embed Frameworks */ = {isa = PBXBuildFile; fileRef = 85C0F5062490D7DB00A4C27B /* SIFaceCaptureSDK.framework */; settings = {ATTRIBUTES = (CodeSignOnCopy, RemoveHeadersOnCopy, ); }; };
/* End PBXBuildFile section */

/* Begin PBXContainerItemProxy section */
		85C0F4F72490D7AA00A4C27B /* PBXContainerItemProxy */ = {
			isa = PBXContainerItemProxy;
			containerPortal = 85C0F4D82490D7A500A4C27B /* Project object */;
			proxyType = 1;
			remoteGlobalIDString = 85C0F4DF2490D7A500A4C27B;
			remoteInfo = FacialImage;
		};
/* End PBXContainerItemProxy section */

/* Begin PBXCopyFilesBuildPhase section */
		85C0F5092490D7DB00A4C27B /* Embed Frameworks */ = {
			isa = PBXCopyFilesBuildPhase;
			buildActionMask = 2147483647;
			dstPath = "";
			dstSubfolderSpec = 10;
			files = (
				85C0F5082490D7DB00A4C27B /* SIFaceCaptureSDK.framework in Embed Frameworks */,
				858DAFA5253469EC00950FA9 /* SILoggerSDK.framework in Embed Frameworks */,
			);
			name = "Embed Frameworks";
			runOnlyForDeploymentPostprocessing = 0;
		};
/* End PBXCopyFilesBuildPhase section */

/* Begin PBXFileReference section */
		858DAFA3253469EC00950FA9 /* SILoggerSDK.framework */ = {isa = PBXFileReference; lastKnownFileType = wrapper.framework; name = SILoggerSDK.framework; path = FacialImage/SILoggerSDK.framework; sourceTree = "<group>"; };
		85C0F4E02490D7A500A4C27B /* FacialImage.app */ = {isa = PBXFileReference; explicitFileType = wrapper.application; includeInIndex = 0; path = FacialImage.app; sourceTree = BUILT_PRODUCTS_DIR; };
		85C0F4E32490D7A500A4C27B /* AppDelegate.swift */ = {isa = PBXFileReference; lastKnownFileType = sourcecode.swift; path = AppDelegate.swift; sourceTree = "<group>"; };
		85C0F4E52490D7A500A4C27B /* SceneDelegate.swift */ = {isa = PBXFileReference; lastKnownFileType = sourcecode.swift; path = SceneDelegate.swift; sourceTree = "<group>"; };
		85C0F4E72490D7A500A4C27B /* ViewController.swift */ = {isa = PBXFileReference; lastKnownFileType = sourcecode.swift; path = ViewController.swift; sourceTree = "<group>"; };
		85C0F4EA2490D7A500A4C27B /* Base */ = {isa = PBXFileReference; lastKnownFileType = file.storyboard; name = Base; path = Base.lproj/Main.storyboard; sourceTree = "<group>"; };
		85C0F4EC2490D7AA00A4C27B /* Assets.xcassets */ = {isa = PBXFileReference; lastKnownFileType = folder.assetcatalog; path = Assets.xcassets; sourceTree = "<group>"; };
		85C0F4EF2490D7AA00A4C27B /* Base */ = {isa = PBXFileReference; lastKnownFileType = file.storyboard; name = Base; path = Base.lproj/LaunchScreen.storyboard; sourceTree = "<group>"; };
		85C0F4F12490D7AA00A4C27B /* Info.plist */ = {isa = PBXFileReference; lastKnownFileType = text.plist.xml; path = Info.plist; sourceTree = "<group>"; };
		85C0F4F62490D7AA00A4C27B /* FacialImageTests.xctest */ = {isa = PBXFileReference; explicitFileType = wrapper.cfbundle; includeInIndex = 0; path = FacialImageTests.xctest; sourceTree = BUILT_PRODUCTS_DIR; };
		85C0F4FA2490D7AA00A4C27B /* FacialImageTests.swift */ = {isa = PBXFileReference; lastKnownFileType = sourcecode.swift; path = FacialImageTests.swift; sourceTree = "<group>"; };
		85C0F4FC2490D7AA00A4C27B /* Info.plist */ = {isa = PBXFileReference; lastKnownFileType = text.plist.xml; path = Info.plist; sourceTree = "<group>"; };
		85C0F5062490D7DB00A4C27B /* SIFaceCaptureSDK.framework */ = {isa = PBXFileReference; lastKnownFileType = wrapper.framework; name = SIFaceCaptureSDK.framework; path = FacialImage/SIFaceCaptureSDK.framework; sourceTree = "<group>"; };
/* End PBXFileReference section */

/* Begin PBXFrameworksBuildPhase section */
		85C0F4DD2490D7A500A4C27B /* Frameworks */ = {
			isa = PBXFrameworksBuildPhase;
			buildActionMask = 2147483647;
			files = (
				85C0F5072490D7DB00A4C27B /* SIFaceCaptureSDK.framework in Frameworks */,
				858DAFA4253469EC00950FA9 /* SILoggerSDK.framework in Frameworks */,
			);
			runOnlyForDeploymentPostprocessing = 0;
		};
		85C0F4F32490D7AA00A4C27B /* Frameworks */ = {
			isa = PBXFrameworksBuildPhase;
			buildActionMask = 2147483647;
			files = (
			);
			runOnlyForDeploymentPostprocessing = 0;
		};
/* End PBXFrameworksBuildPhase section */

/* Begin PBXGroup section */
		85C0F4D72490D7A500A4C27B = {
			isa = PBXGroup;
			children = (
				85C0F4E22490D7A500A4C27B /* FacialImage */,
				85C0F4F92490D7AA00A4C27B /* FacialImageTests */,
				85C0F4E12490D7A500A4C27B /* Products */,
				85C0F5052490D7DA00A4C27B /* Frameworks */,
			);
			sourceTree = "<group>";
		};
		85C0F4E12490D7A500A4C27B /* Products */ = {
			isa = PBXGroup;
			children = (
				85C0F4E02490D7A500A4C27B /* FacialImage.app */,
				85C0F4F62490D7AA00A4C27B /* FacialImageTests.xctest */,
			);
			name = Products;
			sourceTree = "<group>";
		};
		85C0F4E22490D7A500A4C27B /* FacialImage */ = {
			isa = PBXGroup;
			children = (
				85C0F4E32490D7A500A4C27B /* AppDelegate.swift */,
				85C0F4E52490D7A500A4C27B /* SceneDelegate.swift */,
				85C0F4E72490D7A500A4C27B /* ViewController.swift */,
				85C0F4E92490D7A500A4C27B /* Main.storyboard */,
				85C0F4EC2490D7AA00A4C27B /* Assets.xcassets */,
				85C0F4EE2490D7AA00A4C27B /* LaunchScreen.storyboard */,
				85C0F4F12490D7AA00A4C27B /* Info.plist */,
			);
			path = FacialImage;
			sourceTree = "<group>";
		};
		85C0F4F92490D7AA00A4C27B /* FacialImageTests */ = {
			isa = PBXGroup;
			children = (
				85C0F4FA2490D7AA00A4C27B /* FacialImageTests.swift */,
				85C0F4FC2490D7AA00A4C27B /* Info.plist */,
			);
			path = FacialImageTests;
			sourceTree = "<group>";
		};
		85C0F5052490D7DA00A4C27B /* Frameworks */ = {
			isa = PBXGroup;
			children = (
				858DAFA3253469EC00950FA9 /* SILoggerSDK.framework */,
				85C0F5062490D7DB00A4C27B /* SIFaceCaptureSDK.framework */,
			);
			name = Frameworks;
			sourceTree = "<group>";
		};
/* End PBXGroup section */

/* Begin PBXNativeTarget section */
		85C0F4DF2490D7A500A4C27B /* FacialImage */ = {
			isa = PBXNativeTarget;
			buildConfigurationList = 85C0F4FF2490D7AA00A4C27B /* Build configuration list for PBXNativeTarget "FacialImage" */;
			buildPhases = (
				85C0F4DC2490D7A500A4C27B /* Sources */,
				85C0F4DD2490D7A500A4C27B /* Frameworks */,
				85C0F4DE2490D7A500A4C27B /* Resources */,
				85C0F5092490D7DB00A4C27B /* Embed Frameworks */,
			);
			buildRules = (
			);
			dependencies = (
			);
			name = FacialImage;
			productName = FacialImage;
			productReference = 85C0F4E02490D7A500A4C27B /* FacialImage.app */;
			productType = "com.apple.product-type.application";
		};
		85C0F4F52490D7AA00A4C27B /* FacialImageTests */ = {
			isa = PBXNativeTarget;
			buildConfigurationList = 85C0F5022490D7AA00A4C27B /* Build configuration list for PBXNativeTarget "FacialImageTests" */;
			buildPhases = (
				85C0F4F22490D7AA00A4C27B /* Sources */,
				85C0F4F32490D7AA00A4C27B /* Frameworks */,
				85C0F4F42490D7AA00A4C27B /* Resources */,
			);
			buildRules = (
			);
			dependencies = (
				85C0F4F82490D7AA00A4C27B /* PBXTargetDependency */,
			);
			name = FacialImageTests;
			productName = FacialImageTests;
			productReference = 85C0F4F62490D7AA00A4C27B /* FacialImageTests.xctest */;
			productType = "com.apple.product-type.bundle.unit-test";
		};
/* End PBXNativeTarget section */

/* Begin PBXProject section */
		85C0F4D82490D7A500A4C27B /* Project object */ = {
			isa = PBXProject;
			attributes = {
				LastSwiftUpdateCheck = 1130;
				LastUpgradeCheck = 1130;
				ORGANIZATIONNAME = Ankita;
				TargetAttributes = {
					85C0F4DF2490D7A500A4C27B = {
						CreatedOnToolsVersion = 11.3.1;
					};
					85C0F4F52490D7AA00A4C27B = {
						CreatedOnToolsVersion = 11.3.1;
						TestTargetID = 85C0F4DF2490D7A500A4C27B;
					};
				};
			};
			buildConfigurationList = 85C0F4DB2490D7A500A4C27B /* Build configuration list for PBXProject "FacialImage" */;
			compatibilityVersion = "Xcode 9.3";
			developmentRegion = en;
			hasScannedForEncodings = 0;
			knownRegions = (
				en,
				Base,
			);
			mainGroup = 85C0F4D72490D7A500A4C27B;
			productRefGroup = 85C0F4E12490D7A500A4C27B /* Products */;
			projectDirPath = "";
			projectRoot = "";
			targets = (
				85C0F4DF2490D7A500A4C27B /* FacialImage */,
				85C0F4F52490D7AA00A4C27B /* FacialImageTests */,
			);
		};
/* End PBXProject section */

/* Begin PBXResourcesBuildPhase section */
		85C0F4DE2490D7A500A4C27B /* Resources */ = {
			isa = PBXResourcesBuildPhase;
			buildActionMask = 2147483647;
			files = (
				85C0F4F02490D7AA00A4C27B /* LaunchScreen.storyboard in Resources */,
				85C0F4ED2490D7AA00A4C27B /* Assets.xcassets in Resources */,
				85C0F4EB2490D7A500A4C27B /* Main.storyboard in Resources */,
			);
			runOnlyForDeploymentPostprocessing = 0;
		};
		85C0F4F42490D7AA00A4C27B /* Resources */ = {
			isa = PBXResourcesBuildPhase;
			buildActionMask = 2147483647;
			files = (
			);
			runOnlyForDeploymentPostprocessing = 0;
		};
/* End PBXResourcesBuildPhase section */

/* Begin PBXSourcesBuildPhase section */
		85C0F4DC2490D7A500A4C27B /* Sources */ = {
			isa = PBXSourcesBuildPhase;
			buildActionMask = 2147483647;
			files = (
				85C0F4E82490D7A500A4C27B /* ViewController.swift in Sources */,
				85C0F4E42490D7A500A4C27B /* AppDelegate.swift in Sources */,
				85C0F4E62490D7A500A4C27B /* SceneDelegate.swift in Sources */,
			);
			runOnlyForDeploymentPostprocessing = 0;
		};
		85C0F4F22490D7AA00A4C27B /* Sources */ = {
			isa = PBXSourcesBuildPhase;
			buildActionMask = 2147483647;
			files = (
				85C0F4FB2490D7AA00A4C27B /* FacialImageTests.swift in Sources */,
			);
			runOnlyForDeploymentPostprocessing = 0;
		};
/* End PBXSourcesBuildPhase section */

/* Begin PBXTargetDependency section */
		85C0F4F82490D7AA00A4C27B /* PBXTargetDependency */ = {
			isa = PBXTargetDependency;
			target = 85C0F4DF2490D7A500A4C27B /* FacialImage */;
			targetProxy = 85C0F4F72490D7AA00A4C27B /* PBXContainerItemProxy */;
		};
/* End PBXTargetDependency section */

/* Begin PBXVariantGroup section */
		85C0F4E92490D7A500A4C27B /* Main.storyboard */ = {
			isa = PBXVariantGroup;
			children = (
				85C0F4EA2490D7A500A4C27B /* Base */,
			);
			name = Main.storyboard;
			sourceTree = "<group>";
		};
		85C0F4EE2490D7AA00A4C27B /* LaunchScreen.storyboard */ = {
			isa = PBXVariantGroup;
			children = (
				85C0F4EF2490D7AA00A4C27B /* Base */,
			);
			name = LaunchScreen.storyboard;
			sourceTree = "<group>";
		};
/* End PBXVariantGroup section */

/* Begin XCBuildConfiguration section */
		85C0F4FD2490D7AA00A4C27B /* Debug */ = {
			isa = XCBuildConfiguration;
			buildSettings = {
				ALWAYS_SEARCH_USER_PATHS = NO;
				CLANG_ANALYZER_NONNULL = YES;
				CLANG_ANALYZER_NUMBER_OBJECT_CONVERSION = YES_AGGRESSIVE;
				CLANG_CXX_LANGUAGE_STANDARD = "gnu++14";
				CLANG_CXX_LIBRARY = "libc++";
				CLANG_ENABLE_MODULES = YES;
				CLANG_ENABLE_OBJC_ARC = YES;
				CLANG_ENABLE_OBJC_WEAK = YES;
				CLANG_WARN_BLOCK_CAPTURE_AUTORELEASING = YES;
				CLANG_WARN_BOOL_CONVERSION = YES;
				CLANG_WARN_COMMA = YES;
				CLANG_WARN_CONSTANT_CONVERSION = YES;
				CLANG_WARN_DEPRECATED_OBJC_IMPLEMENTATIONS = YES;
				CLANG_WARN_DIRECT_OBJC_ISA_USAGE = YES_ERROR;
				CLANG_WARN_DOCUMENTATION_COMMENTS = YES;
				CLANG_WARN_EMPTY_BODY = YES;
				CLANG_WARN_ENUM_CONVERSION = YES;
				CLANG_WARN_INFINITE_RECURSION = YES;
				CLANG_WARN_INT_CONVERSION = YES;
				CLANG_WARN_NON_LITERAL_NULL_CONVERSION = YES;
				CLANG_WARN_OBJC_IMPLICIT_RETAIN_SELF = YES;
				CLANG_WARN_OBJC_LITERAL_CONVERSION = YES;
				CLANG_WARN_OBJC_ROOT_CLASS = YES_ERROR;
				CLANG_WARN_RANGE_LOOP_ANALYSIS = YES;
				CLANG_WARN_STRICT_PROTOTYPES = YES;
				CLANG_WARN_SUSPICIOUS_MOVE = YES;
				CLANG_WARN_UNGUARDED_AVAILABILITY = YES_AGGRESSIVE;
				CLANG_WARN_UNREACHABLE_CODE = YES;
				CLANG_WARN__DUPLICATE_METHOD_MATCH = YES;
				COPY_PHASE_STRIP = NO;
				DEBUG_INFORMATION_FORMAT = dwarf;
				ENABLE_STRICT_OBJC_MSGSEND = YES;
				ENABLE_TESTABILITY = YES;
				GCC_C_LANGUAGE_STANDARD = gnu11;
				GCC_DYNAMIC_NO_PIC = NO;
				GCC_NO_COMMON_BLOCKS = YES;
				GCC_OPTIMIZATION_LEVEL = 0;
				GCC_PREPROCESSOR_DEFINITIONS = (
					"DEBUG=1",
					"$(inherited)",
				);
				GCC_WARN_64_TO_32_BIT_CONVERSION = YES;
				GCC_WARN_ABOUT_RETURN_TYPE = YES_ERROR;
				GCC_WARN_UNDECLARED_SELECTOR = YES;
				GCC_WARN_UNINITIALIZED_AUTOS = YES_AGGRESSIVE;
				GCC_WARN_UNUSED_FUNCTION = YES;
				GCC_WARN_UNUSED_VARIABLE = YES;
				IPHONEOS_DEPLOYMENT_TARGET = 13.2;
				MTL_ENABLE_DEBUG_INFO = INCLUDE_SOURCE;
				MTL_FAST_MATH = YES;
				ONLY_ACTIVE_ARCH = YES;
				SDKROOT = iphoneos;
				SWIFT_ACTIVE_COMPILATION_CONDITIONS = DEBUG;
				SWIFT_OPTIMIZATION_LEVEL = "-Onone";
			};
			name = Debug;
		};
		85C0F4FE2490D7AA00A4C27B /* Release */ = {
			isa = XCBuildConfiguration;
			buildSettings = {
				ALWAYS_SEARCH_USER_PATHS = NO;
				CLANG_ANALYZER_NONNULL = YES;
				CLANG_ANALYZER_NUMBER_OBJECT_CONVERSION = YES_AGGRESSIVE;
				CLANG_CXX_LANGUAGE_STANDARD = "gnu++14";
				CLANG_CXX_LIBRARY = "libc++";
				CLANG_ENABLE_MODULES = YES;
				CLANG_ENABLE_OBJC_ARC = YES;
				CLANG_ENABLE_OBJC_WEAK = YES;
				CLANG_WARN_BLOCK_CAPTURE_AUTORELEASING = YES;
				CLANG_WARN_BOOL_CONVERSION = YES;
				CLANG_WARN_COMMA = YES;
				CLANG_WARN_CONSTANT_CONVERSION = YES;
				CLANG_WARN_DEPRECATED_OBJC_IMPLEMENTATIONS = YES;
				CLANG_WARN_DIRECT_OBJC_ISA_USAGE = YES_ERROR;
				CLANG_WARN_DOCUMENTATION_COMMENTS = YES;
				CLANG_WARN_EMPTY_BODY = YES;
				CLANG_WARN_ENUM_CONVERSION = YES;
				CLANG_WARN_INFINITE_RECURSION = YES;
				CLANG_WARN_INT_CONVERSION = YES;
				CLANG_WARN_NON_LITERAL_NULL_CONVERSION = YES;
				CLANG_WARN_OBJC_IMPLICIT_RETAIN_SELF = YES;
				CLANG_WARN_OBJC_LITERAL_CONVERSION = YES;
				CLANG_WARN_OBJC_ROOT_CLASS = YES_ERROR;
				CLANG_WARN_RANGE_LOOP_ANALYSIS = YES;
				CLANG_WARN_STRICT_PROTOTYPES = YES;
				CLANG_WARN_SUSPICIOUS_MOVE = YES;
				CLANG_WARN_UNGUARDED_AVAILABILITY = YES_AGGRESSIVE;
				CLANG_WARN_UNREACHABLE_CODE = YES;
				CLANG_WARN__DUPLICATE_METHOD_MATCH = YES;
				COPY_PHASE_STRIP = NO;
				DEBUG_INFORMATION_FORMAT = "dwarf-with-dsym";
				ENABLE_NS_ASSERTIONS = NO;
				ENABLE_STRICT_OBJC_MSGSEND = YES;
				GCC_C_LANGUAGE_STANDARD = gnu11;
				GCC_NO_COMMON_BLOCKS = YES;
				GCC_WARN_64_TO_32_BIT_CONVERSION = YES;
				GCC_WARN_ABOUT_RETURN_TYPE = YES_ERROR;
				GCC_WARN_UNDECLARED_SELECTOR = YES;
				GCC_WARN_UNINITIALIZED_AUTOS = YES_AGGRESSIVE;
				GCC_WARN_UNUSED_FUNCTION = YES;
				GCC_WARN_UNUSED_VARIABLE = YES;
				IPHONEOS_DEPLOYMENT_TARGET = 13.2;
				MTL_ENABLE_DEBUG_INFO = NO;
				MTL_FAST_MATH = YES;
				SDKROOT = iphoneos;
				SWIFT_COMPILATION_MODE = wholemodule;
				SWIFT_OPTIMIZATION_LEVEL = "-O";
				VALIDATE_PRODUCT = YES;
			};
			name = Release;
		};
		85C0F5002490D7AA00A4C27B /* Debug */ = {
			isa = XCBuildConfiguration;
			buildSettings = {
				ASSETCATALOG_COMPILER_APPICON_NAME = AppIcon;
				CODE_SIGN_STYLE = Automatic;
				DEVELOPMENT_TEAM = 8QNY2HGLUP;
				ENABLE_BITCODE = NO;
				FRAMEWORK_SEARCH_PATHS = (
					"$(inherited)",
					"$(PROJECT_DIR)/FacialImage",
				);
				INFOPLIST_FILE = FacialImage/Info.plist;
				LD_RUNPATH_SEARCH_PATHS = (
					"$(inherited)",
					"@executable_path/Frameworks",
				);
				PRODUCT_BUNDLE_IDENTIFIER = com.ssas2.0.AppPush;
				PRODUCT_NAME = "$(TARGET_NAME)";
				SWIFT_VERSION = 5.0;
				TARGETED_DEVICE_FAMILY = "1,2";
			};
			name = Debug;
		};
		85C0F5012490D7AA00A4C27B /* Release */ = {
			isa = XCBuildConfiguration;
			buildSettings = {
				ASSETCATALOG_COMPILER_APPICON_NAME = AppIcon;
				CODE_SIGN_STYLE = Automatic;
				DEVELOPMENT_TEAM = 8QNY2HGLUP;
				ENABLE_BITCODE = NO;
				FRAMEWORK_SEARCH_PATHS = (
					"$(inherited)",
					"$(PROJECT_DIR)/FacialImage",
				);
				INFOPLIST_FILE = FacialImage/Info.plist;
				LD_RUNPATH_SEARCH_PATHS = (
					"$(inherited)",
					"@executable_path/Frameworks",
				);
				PRODUCT_BUNDLE_IDENTIFIER = com.ssas2.0.AppPush;
				PRODUCT_NAME = "$(TARGET_NAME)";
				SWIFT_VERSION = 5.0;
				TARGETED_DEVICE_FAMILY = "1,2";
			};
			name = Release;
		};
		85C0F5032490D7AA00A4C27B /* Debug */ = {
			isa = XCBuildConfiguration;
			buildSettings = {
				ALWAYS_EMBED_SWIFT_STANDARD_LIBRARIES = YES;
				BUNDLE_LOADER = "$(TEST_HOST)";
				CODE_SIGN_STYLE = Automatic;
				DEVELOPMENT_TEAM = 8QNY2HGLUP;
				INFOPLIST_FILE = FacialImageTests/Info.plist;
				IPHONEOS_DEPLOYMENT_TARGET = 13.2;
				LD_RUNPATH_SEARCH_PATHS = (
					"$(inherited)",
					"@executable_path/Frameworks",
					"@loader_path/Frameworks",
				);
				PRODUCT_BUNDLE_IDENTIFIER = com.Unisys.FacialImageTests;
				PRODUCT_NAME = "$(TARGET_NAME)";
				SWIFT_VERSION = 5.0;
				TARGETED_DEVICE_FAMILY = "1,2";
				TEST_HOST = "$(BUILT_PRODUCTS_DIR)/FacialImage.app/FacialImage";
			};
			name = Debug;
		};
		85C0F5042490D7AA00A4C27B /* Release */ = {
			isa = XCBuildConfiguration;
			buildSettings = {
				ALWAYS_EMBED_SWIFT_STANDARD_LIBRARIES = YES;
				BUNDLE_LOADER = "$(TEST_HOST)";
				CODE_SIGN_STYLE = Automatic;
				DEVELOPMENT_TEAM = 8QNY2HGLUP;
				INFOPLIST_FILE = FacialImageTests/Info.plist;
				IPHONEOS_DEPLOYMENT_TARGET = 13.2;
				LD_RUNPATH_SEARCH_PATHS = (
					"$(inherited)",
					"@executable_path/Frameworks",
					"@loader_path/Frameworks",
				);
				PRODUCT_BUNDLE_IDENTIFIER = com.Unisys.FacialImageTests;
				PRODUCT_NAME = "$(TARGET_NAME)";
				SWIFT_VERSION = 5.0;
				TARGETED_DEVICE_FAMILY = "1,2";
				TEST_HOST = "$(BUILT_PRODUCTS_DIR)/FacialImage.app/FacialImage";
			};
			name = Release;
		};
/* End XCBuildConfiguration section */

/* Begin XCConfigurationList section */
		85C0F4DB2490D7A500A4C27B /* Build configuration list for PBXProject "FacialImage" */ = {
			isa = XCConfigurationList;
			buildConfigurations = (
				85C0F4FD2490D7AA00A4C27B /* Debug */,
				85C0F4FE2490D7AA00A4C27B /* Release */,
			);
			defaultConfigurationIsVisible = 0;
			defaultConfigurationName = Release;
		};
		85C0F4FF2490D7AA00A4C27B /* Build configuration list for PBXNativeTarget "FacialImage" */ = {
			isa = XCConfigurationList;
			buildConfigurations = (
				85C0F5002490D7AA00A4C27B /* Debug */,
				85C0F5012490D7AA00A4C27B /* Release */,
			);
			defaultConfigurationIsVisible = 0;
			defaultConfigurationName = Release;
		};
		85C0F5022490D7AA00A4C27B /* Build configuration list for PBXNativeTarget "FacialImageTests" */ = {
			isa = XCConfigurationList;
			buildConfigurations = (
				85C0F5032490D7AA00A4C27B /* Debug */,
				85C0F5042490D7AA00A4C27B /* Release */,
			);
			defaultConfigurationIsVisible = 0;
			defaultConfigurationName = Release;
		};
/* End XCConfigurationList section */
	};
	rootObject = 85C0F4D82490D7A500A4C27B /* Project object */;
}
